
Microsoft Visual Studio Solution File, Format Version 12.00
# Visual Studio 15
VisualStudioVersion = 15.0.28307.168
MinimumVisualStudioVersion = 10.0.40219.1
Project("{FAE04EC0-301F-11D3-BF4B-00C04F79EFBC}") = "730408Week5", "730408Week5\730408Week5.csproj", "{CA0C9714-165A-495E-8B6C-31EB58FA1D46}"
EndProject
Global
	GlobalSection(SolutionConfigurationPlatforms) = preSolution
		Debug|Any CPU = Debug|Any CPU
		Release|Any CPU = Release|Any CPU
	EndGlobalSection
	GlobalSection(ProjectConfigurationPlatforms) = postSolution
		{CA0C9714-165A-495E-8B6C-31EB58FA1D46}.Debug|Any CPU.ActiveCfg = Debug|Any CPU
		{CA0C9714-165A-495E-8B6C-31EB58FA1D46}.Debug|Any CPU.Build.0 = Debug|Any CPU
		{CA0C9714-165A-495E-8B6C-31EB58FA1D46}.Release|Any CPU.ActiveCfg = Release|Any CPU
		{CA0C9714-165A-495E-8B6C-31EB58FA1D46}.Release|Any CPU.Build.0 = Release|Any CPU
	EndGlobalSection
	GlobalSection(SolutionProperties) = preSolution
		HideSolutionNode = FALSE
	EndGlobalSection
	GlobalSection(ExtensibilityGlobals) = postSolution
		SolutionGuid = {C73B6495-DCA5-4519-84B6-0B90D2142D28}
	EndGlobalSection
EndGlobal
